{
  "name": "to-do-useimmerredecer-usecontext",
  "version": "1.0.0",
  "lockfileVersion": 1,
  "requires": true,
  "dependencies": {
    "@babel/core": {
      "version": "7.2.0",
      "resolved": "https://registry.npmjs.org/@babel/core/-/core-7.2.0.tgz",
      "integrity": "sha512-7pvAdC4B+iKjFFp9Ztj0QgBndJ++qaMeonT185wAqUnhipw8idm9Rv1UMyBuKtYjfl6ORNkgEgcsYLfHX/GpLw==",
      "dev": true
    },
    "@babel/plugin-transform-runtime": {
      "version": "7.5.5",
      "resolved": "https://registry.npmjs.org/@babel/plugin-transform-runtime/-/plugin-transform-runtime-7.5.5.tgz",
      "integrity": "sha512-6Xmeidsun5rkwnGfMOp6/z9nSzWpHFNVr2Jx7kwoq4mVatQfQx5S56drBgEHF+XQbKOdIaOiMIINvp/kAwMN+w==",
      "dev": true
    },
    "@babel/preset-env": {
      "version": "7.5.5",
      "resolved": "https://registry.npmjs.org/@babel/preset-env/-/preset-env-7.5.5.tgz",
      "integrity": "sha512-GMZQka/+INwsMz1A5UEql8tG015h5j/qjptpKY2gJ7giy8ohzU710YciJB5rcKsWGWHiW3RUnHib0E5/m3Tp3A==",
      "dev": true,
      "dependencies": {
        "@babel/plugin-transform-modules-commonjs": {
          "version": "7.5.0",
          "resolved": "https://registry.npmjs.org/@babel/plugin-transform-modules-commonjs/-/plugin-transform-modules-commonjs-7.5.0.tgz",
          "integrity": "sha512-xmHq0B+ytyrWJvQTc5OWAC4ii6Dhr0s22STOoydokG51JjWhyYo5mRPXoi+ZmtHQhZZwuXNN+GG5jy5UZZJxIQ=="
        }
      }
    },
    "@babel/preset-react": {
      "version": "7.0.0",
      "resolved": "https://registry.npmjs.org/@babel/preset-react/-/preset-react-7.0.0.tgz",
      "integrity": "sha512-oayxyPS4Zj+hF6Et11BwuBkmpgT/zMxyuZgFrMeZID6Hdh3dGlk4sHCAhdBCpuCKW2ppBfl2uCCetlrUIJRY3w==",
      "dev": true
    },
    "@babel/runtime": {
      "version": "7.5.5",
      "resolved": "https://registry.npmjs.org/@babel/runtime/-/runtime-7.5.5.tgz",
      "integrity": "sha512-28QvEGyQyNkB0/m2B4FU7IEZGK2NUrcMtT6BZEFALTguLk+AUT6ofsHtPk5QyjAdUkpMJ+/Em+quwz4HOt30AQ==",
      "dependencies": {
        "regenerator-runtime": {
          "version": "0.13.3",
          "resolved": "https://registry.npmjs.org/regenerator-runtime/-/regenerator-runtime-0.13.3.tgz",
          "integrity": "sha512-naKIZz2GQ8JWh///G7L3X6LaQUAMp2lvb1rvwwsURe/VXwD6VMfr+/1NuNw3ag8v2kY1aQ/go5SNn79O9JU7yw=="
        }
      }
    },
    "@testing-library/jest-dom": {
      "version": "4.1.0",
      "resolved": "https://registry.npmjs.org/@testing-library/jest-dom/-/jest-dom-4.1.0.tgz",
      "integrity": "sha512-cKAONDmJKGJ2DSu6R/+lgA8i8uyZIx4CaOiiK0yMjp+2UecH6kfjunJiy5hfExKMtR74eyzFriqO1w9aTC8VyQ==",
      "dev": true
    },
    "@testing-library/react": {
      "version": "9.1.3",
      "resolved": "https://registry.npmjs.org/@testing-library/react/-/react-9.1.3.tgz",
      "integrity": "sha512-qFVo6TsEbpEFpOmKjIxMHDujOKVdvVpcYFcUfJeWBqMO8eja5pN9SZnt6W6AzW3a1MRvRfw3X0Fhx3eXnBJxjA==",
      "dev": true,
      "dependencies": {
        "@babel/runtime": {
          "version": "7.5.5",
          "resolved": "https://registry.npmjs.org/@babel/runtime/-/runtime-7.5.5.tgz",
          "integrity": "sha512-28QvEGyQyNkB0/m2B4FU7IEZGK2NUrcMtT6BZEFALTguLk+AUT6ofsHtPk5QyjAdUkpMJ+/Em+quwz4HOt30AQ=="
        },
        "regenerator-runtime": {
          "version": "0.13.3",
          "resolved": "https://registry.npmjs.org/regenerator-runtime/-/regenerator-runtime-0.13.3.tgz",
          "integrity": "sha512-naKIZz2GQ8JWh///G7L3X6LaQUAMp2lvb1rvwwsURe/VXwD6VMfr+/1NuNw3ag8v2kY1aQ/go5SNn79O9JU7yw=="
        }
      }
    },
    "@testing-library/react-hooks": {
      "version": "2.0.1",
      "resolved": "https://registry.npmjs.org/@testing-library/react-hooks/-/react-hooks-2.0.1.tgz",
      "integrity": "sha512-MLTvWX7/csq/uQzP4WJntGz0QJDq6H4EzjV0VTL5YJE7KBZbaQ9DGT0IbtjuB33L4R4YKZ55rGZQ5eL+WiZtQA==",
      "dev": true
    },
    "babel-jest": {
      "version": "24.9.0",
      "resolved": "https://registry.npmjs.org/babel-jest/-/babel-jest-24.9.0.tgz",
      "integrity": "sha512-ntuddfyiN+EhMw58PTNL1ph4C9rECiQXjI4nMMBKBaNjXvqLdkXpPRcMSr4iyBrJg/+wz9brFUD6RhOAT6r4Iw==",
      "dev": true
    },
    "immer": {
      "version": "9.0.6",
      "resolved": "https://registry.npmjs.org/immer/-/immer-9.0.6.tgz",
      "integrity": "sha512-G95ivKpy+EvVAnAab4fVa4YGYn24J1SpEktnJX7JJ45Bd7xqME/SCplFzYFmTbrkwZbQ4xJK1xMTUYBkN6pWsQ=="
    },
    "jest": {
      "version": "24.9.0",
      "resolved": "https://registry.npmjs.org/jest/-/jest-24.9.0.tgz",
      "integrity": "sha512-YvkBL1Zm7d2B1+h5fHEOdyjCG+sGMz4f8D86/0HiqJ6MB4MnDc8FgP5vdWsGnemOQro7lnYo8UakZ3+5A0jxGw==",
      "dev": true,
      "dependencies": {
        "jest-cli": {
          "version": "24.9.0",
          "resolved": "https://registry.npmjs.org/jest-cli/-/jest-cli-24.9.0.tgz",
          "integrity": "sha512-+VLRKyitT3BWoMeSUIHRxV/2g8y9gw91Jh5z2UmXZzkZKpbC08CSehVxgHUwTpy+HwGcns/tqafQDJW7imYvGg=="
        }
      }
    },
    "jest-dom": {
      "version": "4.0.0",
      "resolved": "https://registry.npmjs.org/jest-dom/-/jest-dom-4.0.0.tgz",
      "integrity": "sha512-gBxYZlZB1Jgvf2gP2pRfjjUWF8woGBHj/g5rAQgFPB/0K2atGuhVcPO+BItyjWeKg9zM+dokgcMOH01vrWVMFA==",
      "dev": true
    },
    "parcel-bundler": {
      "version": "1.12.3",
      "resolved": "https://registry.npmjs.org/parcel-bundler/-/parcel-bundler-1.12.3.tgz",
      "integrity": "sha1-K79wv6LQYJfwcWUyhQQL0SVoTQk=",
      "dev": true,
      "dependencies": {
        "@babel/code-frame": {
          "version": "7.0.0",
          "resolved": "https://registry.npmjs.org/@babel/code-frame/-/code-frame-7.0.0.tgz",
          "integrity": "sha1-BuKrGb21NThVWaq7W6WXKUgoAPg="
        },
        "@babel/generator": {
          "version": "7.3.4",
          "resolved": "https://registry.npmjs.org/@babel/generator/-/generator-7.3.4.tgz",
          "integrity": "sha1-mqSMGYkleHep2XEpbltzv+cuRG4=",
          "dependencies": {
            "source-map": {
              "version": "0.5.7",
              "resolved": "https://registry.npmjs.org/source-map/-/source-map-0.5.7.tgz",
              "integrity": "sha1-igOdLRAh0i0eoUyA2OpGi6LvP8w="
            }
          }
        },
        "@babel/parser": {
          "version": "7.3.4",
          "resolved": "https://registry.npmjs.org/@babel/parser/-/parser-7.3.4.tgz",
          "integrity": "sha1-pDNX5Lv0uSpDf7nkZcGShIKH8nw="
        },
        "@babel/preset-env": {
          "version": "7.3.4",
          "resolved": "https://registry.npmjs.org/@babel/preset-env/-/preset-env-7.3.4.tgz",
          "integrity": "sha512-2mwqfYMK8weA0g0uBKOt4FE3iEodiHy9/CW0b+nWXcbL+pGzLx8ESYc+j9IIxr6LTDHWKgPm71i9smo02bw+gA=="
        },
        "@babel/runtime": {
          "version": "7.3.4",
          "resolved": "https://registry.npmjs.org/@babel/runtime/-/runtime-7.3.4.tgz",
          "integrity": "sha512-IvfvnMdSaLBateu0jfsYIpZTxAc2cKEXEMiezGGN75QcBcecDUKd3PgLAncT0oOgxKy8dd8hrJKj9MfzgfZd6g=="
        },
        "@babel/template": {
          "version": "7.2.2",
          "resolved": "https://registry.npmjs.org/@babel/template/-/template-7.2.2.tgz",
          "integrity": "sha1-AFs/3w7ZbogEEzA3ng2ppwjrKQc="
        },
        "@babel/traverse": {
          "version": "7.3.4",
          "resolved": "https://registry.npmjs.org/@babel/traverse/-/traverse-7.3.4.tgz",
          "integrity": "sha1-EzCqtyI0+N6gkbCMT4udBccRngY="
        },
        "@babel/types": {
          "version": "7.3.4",
          "resolved": "https://registry.npmjs.org/@babel/types/-/types-7.3.4.tgz",
          "integrity": "sha1-v0gurq/7Nnooq7+TV6lJYyNdkO0="
        },
        "json5": {
          "version": "1.0.1",
          "resolved": "https://registry.npmjs.org/json5/-/json5-1.0.1.tgz",
          "integrity": "sha1-d5+wAYYE+oVOrL9iUhgNg1Q+Pb4="
        },
        "source-map": {
          "version": "0.6.1",
          "resolved": "https://registry.npmjs.org/source-map/-/source-map-0.6.1.tgz",
          "integrity": "sha1-dHIq8y6WFOnCh6jQu95IteLxomM="
        }
      }
    },
    "prettier": {
      "version": "1.18.2",
      "resolved": "https://registry.npmjs.org/prettier/-/prettier-1.18.2.tgz",
      "integrity": "sha512-OeHeMc0JhFE9idD4ZdtNibzY0+TPHSpSSb9h8FqtP+YnoZZ1sl8Vc9b1sasjfymH3SonAF4QcA2+mzHPhMvIiw==",
      "dev": true
    },
    "react": {
      "version": "16.9.0",
      "resolved": "https://registry.npmjs.org/react/-/react-16.9.0.tgz",
      "integrity": "sha1-QLovmvE7waONddvy9DWaUYXE96o="
    },
    "react-dom": {
      "version": "16.9.0",
      "resolved": "https://registry.npmjs.org/react-dom/-/react-dom-16.9.0.tgz",
      "integrity": "sha1-XmVSel4m8irjcBExvMyu6fsNOWI="
    },
    "react-test-renderer": {
      "version": "16.9.0",
      "resolved": "https://registry.npmjs.org/react-test-renderer/-/react-test-renderer-16.9.0.tgz",
      "integrity": "sha512-R62stB73qZyhrJo7wmCW9jgl/07ai+YzvouvCXIJLBkRlRqLx4j9RqcLEAfNfU3OxTGucqR2Whmn3/Aad6L3hQ==",
      "dev": true
    },
    "use-immer": {
      "version": "0.3.3",
      "resolved": "https://registry.npmjs.org/use-immer/-/use-immer-0.3.3.tgz",
      "integrity": "sha1-hwR5En9gUKYsMhzyy2GC4VSheGo="
    }
  }
}
